
Microsoft Visual Studio Solution File, Format Version 12.00
# Visual Studio 14
VisualStudioVersion = 14.0.25420.1
MinimumVisualStudioVersion = 10.0.40219.1
Project("{2150E333-8FDC-42A3-9474-1A3956D46DE8}") = "1 - Presentation", "1 - Presentation", "{55BAACE4-3277-46C9-A94D-10EE051B3736}"
EndProject
Project("{2150E333-8FDC-42A3-9474-1A3956D46DE8}") = "2 - Application", "2 - Application", "{F8E43220-F831-4008-BE0B-2990F2D51CCE}"
EndProject
Project("{2150E333-8FDC-42A3-9474-1A3956D46DE8}") = "3 - Domain", "3 - Domain", "{E7917421-3FF8-4A46-BBBC-9D621359867C}"
EndProject
Project("{2150E333-8FDC-42A3-9474-1A3956D46DE8}") = "4 - Infra", "4 - Infra", "{867DF2D8-6BCA-4942-80E0-CB87A3524707}"
EndProject
Project("{FAE04EC0-301F-11D3-BF4B-00C04F79EFBC}") = "Portfolio.Domain", "Portfolio.Domain\Portfolio.Domain.csproj", "{E914C778-CA2F-47A8-8F9B-EA79E2451926}"
EndProject
Project("{FAE04EC0-301F-11D3-BF4B-00C04F79EFBC}") = "Portfolio.Application", "Protfolio.Application\Portfolio.Application.csproj", "{EF7D9FF2-B038-4783-BD6B-5EF61BD23E9A}"
EndProject
Project("{FAE04EC0-301F-11D3-BF4B-00C04F79EFBC}") = "Portfolio.Infra", "Portfolio.Infra\Portfolio.Infra.csproj", "{3F44684E-8751-421F-B176-95D5E4290AE6}"
EndProject
Project("{FAE04EC0-301F-11D3-BF4B-00C04F79EFBC}") = "Portfolio.MVC", "Portfolio.MVC\Portfolio.MVC.csproj", "{F5D0C480-58FE-4E35-A37D-5A695364E9A1}"
EndProject
Project("{2150E333-8FDC-42A3-9474-1A3956D46DE8}") = "Ado", "Ado", "{CA9639E5-CA18-4F98-8DC4-D612E973E2ED}"
EndProject
Project("{2150E333-8FDC-42A3-9474-1A3956D46DE8}") = "Entity", "Entity", "{E2273411-B4EB-44A3-8949-DA785329CE11}"
EndProject
Project("{FAE04EC0-301F-11D3-BF4B-00C04F79EFBC}") = "Portfolio.Ado", "Portfolio.Ado\Portfolio.Ado.csproj", "{21896F12-FDA2-476E-9017-5CC9E3581FE5}"
EndProject
Global
	GlobalSection(SolutionConfigurationPlatforms) = preSolution
		Debug|Any CPU = Debug|Any CPU
		Release|Any CPU = Release|Any CPU
	EndGlobalSection
	GlobalSection(ProjectConfigurationPlatforms) = postSolution
		{E914C778-CA2F-47A8-8F9B-EA79E2451926}.Debug|Any CPU.ActiveCfg = Debug|Any CPU
		{E914C778-CA2F-47A8-8F9B-EA79E2451926}.Debug|Any CPU.Build.0 = Debug|Any CPU
		{E914C778-CA2F-47A8-8F9B-EA79E2451926}.Release|Any CPU.ActiveCfg = Release|Any CPU
		{E914C778-CA2F-47A8-8F9B-EA79E2451926}.Release|Any CPU.Build.0 = Release|Any CPU
		{EF7D9FF2-B038-4783-BD6B-5EF61BD23E9A}.Debug|Any CPU.ActiveCfg = Debug|Any CPU
		{EF7D9FF2-B038-4783-BD6B-5EF61BD23E9A}.Debug|Any CPU.Build.0 = Debug|Any CPU
		{EF7D9FF2-B038-4783-BD6B-5EF61BD23E9A}.Release|Any CPU.ActiveCfg = Release|Any CPU
		{EF7D9FF2-B038-4783-BD6B-5EF61BD23E9A}.Release|Any CPU.Build.0 = Release|Any CPU
		{3F44684E-8751-421F-B176-95D5E4290AE6}.Debug|Any CPU.ActiveCfg = Debug|Any CPU
		{3F44684E-8751-421F-B176-95D5E4290AE6}.Debug|Any CPU.Build.0 = Debug|Any CPU
		{3F44684E-8751-421F-B176-95D5E4290AE6}.Release|Any CPU.ActiveCfg = Release|Any CPU
		{3F44684E-8751-421F-B176-95D5E4290AE6}.Release|Any CPU.Build.0 = Release|Any CPU
		{F5D0C480-58FE-4E35-A37D-5A695364E9A1}.Debug|Any CPU.ActiveCfg = Debug|Any CPU
		{F5D0C480-58FE-4E35-A37D-5A695364E9A1}.Debug|Any CPU.Build.0 = Debug|Any CPU
		{F5D0C480-58FE-4E35-A37D-5A695364E9A1}.Release|Any CPU.ActiveCfg = Release|Any CPU
		{F5D0C480-58FE-4E35-A37D-5A695364E9A1}.Release|Any CPU.Build.0 = Release|Any CPU
		{21896F12-FDA2-476E-9017-5CC9E3581FE5}.Debug|Any CPU.ActiveCfg = Debug|Any CPU
		{21896F12-FDA2-476E-9017-5CC9E3581FE5}.Debug|Any CPU.Build.0 = Debug|Any CPU
		{21896F12-FDA2-476E-9017-5CC9E3581FE5}.Release|Any CPU.ActiveCfg = Release|Any CPU
		{21896F12-FDA2-476E-9017-5CC9E3581FE5}.Release|Any CPU.Build.0 = Release|Any CPU
	EndGlobalSection
	GlobalSection(SolutionProperties) = preSolution
		HideSolutionNode = FALSE
	EndGlobalSection
	GlobalSection(NestedProjects) = preSolution
		{E914C778-CA2F-47A8-8F9B-EA79E2451926} = {E7917421-3FF8-4A46-BBBC-9D621359867C}
		{EF7D9FF2-B038-4783-BD6B-5EF61BD23E9A} = {F8E43220-F831-4008-BE0B-2990F2D51CCE}
		{3F44684E-8751-421F-B176-95D5E4290AE6} = {E2273411-B4EB-44A3-8949-DA785329CE11}
		{F5D0C480-58FE-4E35-A37D-5A695364E9A1} = {55BAACE4-3277-46C9-A94D-10EE051B3736}
		{CA9639E5-CA18-4F98-8DC4-D612E973E2ED} = {867DF2D8-6BCA-4942-80E0-CB87A3524707}
		{E2273411-B4EB-44A3-8949-DA785329CE11} = {867DF2D8-6BCA-4942-80E0-CB87A3524707}
		{21896F12-FDA2-476E-9017-5CC9E3581FE5} = {CA9639E5-CA18-4F98-8DC4-D612E973E2ED}
	EndGlobalSection
EndGlobal
